
Microsoft Visual Studio Solution File, Format Version 12.00
# Visual Studio 15
VisualStudioVersion = 15.0.28307.1000
MinimumVisualStudioVersion = 10.0.40219.1
Project("{9A19103F-16F7-4668-BE54-9A1E7A4F7556}") = "Ngobar", "Ngobar\Ngobar.csproj", "{9102EBCC-8934-45A9-9DEB-E9FD6E071EB0}"
EndProject
Project("{9A19103F-16F7-4668-BE54-9A1E7A4F7556}") = "Ngobar.Data", "Ngobar.Data\Ngobar.Data.csproj", "{2BEBC537-8FE6-43E1-84C3-52D41A20B552}"
EndProject
Project("{FAE04EC0-301F-11D3-BF4B-00C04F79EFBC}") = "Ngobar.Service", "Ngobar.Service\Ngobar.Service.csproj", "{FA160BA2-697D-4B6F-BE5C-5D55810A6051}"
EndProject
Global
	GlobalSection(SolutionConfigurationPlatforms) = preSolution
		Debug|Any CPU = Debug|Any CPU
		Release|Any CPU = Release|Any CPU
	EndGlobalSection
	GlobalSection(ProjectConfigurationPlatforms) = postSolution
		{9102EBCC-8934-45A9-9DEB-E9FD6E071EB0}.Debug|Any CPU.ActiveCfg = Debug|Any CPU
		{9102EBCC-8934-45A9-9DEB-E9FD6E071EB0}.Debug|Any CPU.Build.0 = Debug|Any CPU
		{9102EBCC-8934-45A9-9DEB-E9FD6E071EB0}.Release|Any CPU.ActiveCfg = Release|Any CPU
		{9102EBCC-8934-45A9-9DEB-E9FD6E071EB0}.Release|Any CPU.Build.0 = Release|Any CPU
		{2BEBC537-8FE6-43E1-84C3-52D41A20B552}.Debug|Any CPU.ActiveCfg = Debug|Any CPU
		{2BEBC537-8FE6-43E1-84C3-52D41A20B552}.Debug|Any CPU.Build.0 = Debug|Any CPU
		{2BEBC537-8FE6-43E1-84C3-52D41A20B552}.Release|Any CPU.ActiveCfg = Release|Any CPU
		{2BEBC537-8FE6-43E1-84C3-52D41A20B552}.Release|Any CPU.Build.0 = Release|Any CPU
		{FA160BA2-697D-4B6F-BE5C-5D55810A6051}.Debug|Any CPU.ActiveCfg = Debug|Any CPU
		{FA160BA2-697D-4B6F-BE5C-5D55810A6051}.Debug|Any CPU.Build.0 = Debug|Any CPU
		{FA160BA2-697D-4B6F-BE5C-5D55810A6051}.Release|Any CPU.ActiveCfg = Release|Any CPU
		{FA160BA2-697D-4B6F-BE5C-5D55810A6051}.Release|Any CPU.Build.0 = Release|Any CPU
	EndGlobalSection
	GlobalSection(SolutionProperties) = preSolution
		HideSolutionNode = FALSE
	EndGlobalSection
	GlobalSection(ExtensibilityGlobals) = postSolution
		SolutionGuid = {AE2D49CA-3457-4E9B-AE53-7D7E15F06C39}
	EndGlobalSection
EndGlobal
